
Microsoft Visual Studio Solution File, Format Version 12.00
# Visual Studio Version 16
VisualStudioVersion = 16.0.31205.134
MinimumVisualStudioVersion = 10.0.40219.1
Project("{FAE04EC0-301F-11D3-BF4B-00C04F79EFBC}") = "Nunit_7", "Nunit_7\Nunit_7.csproj", "{3FC84C55-E6B3-4E8B-9D00-A0F58823D0AF}"
EndProject
Project("{FAE04EC0-301F-11D3-BF4B-00C04F79EFBC}") = "TestLibrary", "TestLibrary\TestLibrary.csproj", "{29E258E6-5669-49E9-A066-F815D774012B}"
EndProject
Global
	GlobalSection(SolutionConfigurationPlatforms) = preSolution
		Debug|Any CPU = Debug|Any CPU
		Release|Any CPU = Release|Any CPU
	EndGlobalSection
	GlobalSection(ProjectConfigurationPlatforms) = postSolution
		{3FC84C55-E6B3-4E8B-9D00-A0F58823D0AF}.Debug|Any CPU.ActiveCfg = Debug|Any CPU
		{3FC84C55-E6B3-4E8B-9D00-A0F58823D0AF}.Debug|Any CPU.Build.0 = Debug|Any CPU
		{3FC84C55-E6B3-4E8B-9D00-A0F58823D0AF}.Release|Any CPU.ActiveCfg = Release|Any CPU
		{3FC84C55-E6B3-4E8B-9D00-A0F58823D0AF}.Release|Any CPU.Build.0 = Release|Any CPU
		{29E258E6-5669-49E9-A066-F815D774012B}.Debug|Any CPU.ActiveCfg = Debug|Any CPU
		{29E258E6-5669-49E9-A066-F815D774012B}.Debug|Any CPU.Build.0 = Debug|Any CPU
		{29E258E6-5669-49E9-A066-F815D774012B}.Release|Any CPU.ActiveCfg = Release|Any CPU
		{29E258E6-5669-49E9-A066-F815D774012B}.Release|Any CPU.Build.0 = Release|Any CPU
	EndGlobalSection
	GlobalSection(SolutionProperties) = preSolution
		HideSolutionNode = FALSE
	EndGlobalSection
	GlobalSection(ExtensibilityGlobals) = postSolution
		SolutionGuid = {FE15AB59-F0FA-4DA4-8E40-97D54A102A69}
	EndGlobalSection
EndGlobal
