
Microsoft Visual Studio Solution File, Format Version 12.00
# Visual Studio Version 16
VisualStudioVersion = 16.0.31205.134
MinimumVisualStudioVersion = 10.0.40219.1
Project("{FAE04EC0-301F-11D3-BF4B-00C04F79EFBC}") = "Nunit_9", "Nunit_9\Nunit_9.csproj", "{488FDF68-E64C-4FE6-A530-1AF017E07B9B}"
EndProject
Project("{FAE04EC0-301F-11D3-BF4B-00C04F79EFBC}") = "PlayerManagerLib", "PlayerManagerLib\PlayerManagerLib.csproj", "{2C0DCC9F-8960-43A7-81E6-FB9323AD2133}"
EndProject
Global
	GlobalSection(SolutionConfigurationPlatforms) = preSolution
		Debug|Any CPU = Debug|Any CPU
		Release|Any CPU = Release|Any CPU
	EndGlobalSection
	GlobalSection(ProjectConfigurationPlatforms) = postSolution
		{488FDF68-E64C-4FE6-A530-1AF017E07B9B}.Debug|Any CPU.ActiveCfg = Debug|Any CPU
		{488FDF68-E64C-4FE6-A530-1AF017E07B9B}.Debug|Any CPU.Build.0 = Debug|Any CPU
		{488FDF68-E64C-4FE6-A530-1AF017E07B9B}.Release|Any CPU.ActiveCfg = Release|Any CPU
		{488FDF68-E64C-4FE6-A530-1AF017E07B9B}.Release|Any CPU.Build.0 = Release|Any CPU
		{2C0DCC9F-8960-43A7-81E6-FB9323AD2133}.Debug|Any CPU.ActiveCfg = Debug|Any CPU
		{2C0DCC9F-8960-43A7-81E6-FB9323AD2133}.Debug|Any CPU.Build.0 = Debug|Any CPU
		{2C0DCC9F-8960-43A7-81E6-FB9323AD2133}.Release|Any CPU.ActiveCfg = Release|Any CPU
		{2C0DCC9F-8960-43A7-81E6-FB9323AD2133}.Release|Any CPU.Build.0 = Release|Any CPU
	EndGlobalSection
	GlobalSection(SolutionProperties) = preSolution
		HideSolutionNode = FALSE
	EndGlobalSection
	GlobalSection(ExtensibilityGlobals) = postSolution
		SolutionGuid = {9C71C09C-64CF-4000-91F4-7472C03A939C}
	EndGlobalSection
EndGlobal
